
Microsoft Visual Studio Solution File, Format Version 12.00
# Visual Studio Version 17
VisualStudioVersion = 17.6.33829.357
MinimumVisualStudioVersion = 10.0.40219.1
Project("{FAE04EC0-301F-11D3-BF4B-00C04F79EFBC}") = "Week2_MydatabaseFirst", "Week2_MydatabaseFirst\Week2_MydatabaseFirst.csproj", "{C558E700-C496-4E6E-8716-617700E2B3FF}"
EndProject
Global
	GlobalSection(SolutionConfigurationPlatforms) = preSolution
		Debug|Any CPU = Debug|Any CPU
		Release|Any CPU = Release|Any CPU
	EndGlobalSection
	GlobalSection(ProjectConfigurationPlatforms) = postSolution
		{C558E700-C496-4E6E-8716-617700E2B3FF}.Debug|Any CPU.ActiveCfg = Debug|Any CPU
		{C558E700-C496-4E6E-8716-617700E2B3FF}.Debug|Any CPU.Build.0 = Debug|Any CPU
		{C558E700-C496-4E6E-8716-617700E2B3FF}.Release|Any CPU.ActiveCfg = Release|Any CPU
		{C558E700-C496-4E6E-8716-617700E2B3FF}.Release|Any CPU.Build.0 = Release|Any CPU
	EndGlobalSection
	GlobalSection(SolutionProperties) = preSolution
		HideSolutionNode = FALSE
	EndGlobalSection
	GlobalSection(ExtensibilityGlobals) = postSolution
		SolutionGuid = {4F47051E-D4FF-466E-8530-60BCE3704E42}
	EndGlobalSection
EndGlobal
